
Microsoft Visual Studio Solution File, Format Version 12.00
# Visual Studio Version 17
VisualStudioVersion = 17.0.31903.59
MinimumVisualStudioVersion = 10.0.40219.1
Project("{2150E333-8FDC-42A3-9474-1A3956D46DE8}") = "src", "src", "{1D2812E7-A241-4211-A204-1AEF05898414}"
EndProject
Project("{FAE04EC0-301F-11D3-BF4B-00C04F79EFBC}") = "TaskOps.Api", "src\TaskOps.Api\TaskOps.Api.csproj", "{F733B9DF-F383-4AD7-BB4E-BC37A6208C07}"
EndProject
Project("{FAE04EC0-301F-11D3-BF4B-00C04F79EFBC}") = "TaskOps.Tests", "src\TaskOps.Tests\TaskOps.Tests.csproj", "{5136057E-D6E0-45B6-AE37-ECC9749317E5}"
EndProject
Global
	GlobalSection(SolutionConfigurationPlatforms) = preSolution
		Debug|Any CPU = Debug|Any CPU
		Release|Any CPU = Release|Any CPU
	EndGlobalSection
	GlobalSection(SolutionProperties) = preSolution
		HideSolutionNode = FALSE
	EndGlobalSection
	GlobalSection(ProjectConfigurationPlatforms) = postSolution
		{F733B9DF-F383-4AD7-BB4E-BC37A6208C07}.Debug|Any CPU.ActiveCfg = Debug|Any CPU
		{F733B9DF-F383-4AD7-BB4E-BC37A6208C07}.Debug|Any CPU.Build.0 = Debug|Any CPU
		{F733B9DF-F383-4AD7-BB4E-BC37A6208C07}.Release|Any CPU.ActiveCfg = Release|Any CPU
		{F733B9DF-F383-4AD7-BB4E-BC37A6208C07}.Release|Any CPU.Build.0 = Release|Any CPU
		{5136057E-D6E0-45B6-AE37-ECC9749317E5}.Debug|Any CPU.ActiveCfg = Debug|Any CPU
		{5136057E-D6E0-45B6-AE37-ECC9749317E5}.Debug|Any CPU.Build.0 = Debug|Any CPU
		{5136057E-D6E0-45B6-AE37-ECC9749317E5}.Release|Any CPU.ActiveCfg = Release|Any CPU
		{5136057E-D6E0-45B6-AE37-ECC9749317E5}.Release|Any CPU.Build.0 = Release|Any CPU
	EndGlobalSection
	GlobalSection(NestedProjects) = preSolution
		{F733B9DF-F383-4AD7-BB4E-BC37A6208C07} = {1D2812E7-A241-4211-A204-1AEF05898414}
		{5136057E-D6E0-45B6-AE37-ECC9749317E5} = {1D2812E7-A241-4211-A204-1AEF05898414}
	EndGlobalSection
EndGlobal
